// !$*UTF8*$!
{
	archiveVersion = 1;
	classes = {
	};
	objectVersion = 46;
	objects = {

/* Begin PBXBuildFile section */
		BC627FCA1AABDDDF007FD661 /* AppDelegate.swift in Sources */ = {isa = PBXBuildFile; fileRef = BC627FC91AABDDDF007FD661 /* AppDelegate.swift */; };
		BC627FCC1AABDDDF007FD661 /* ViewController.swift in Sources */ = {isa = PBXBuildFile; fileRef = BC627FCB1AABDDDF007FD661 /* ViewController.swift */; };
		BC627FCF1AABDDDF007FD661 /* Main.storyboard in Resources */ = {isa = PBXBuildFile; fileRef = BC627FCD1AABDDDF007FD661 /* Main.storyboard */; };
		BC627FD11AABDDDF007FD661 /* Images.xcassets in Resources */ = {isa = PBXBuildFile; fileRef = BC627FD01AABDDDF007FD661 /* Images.xcassets */; };
		BC627FD41AABDDDF007FD661 /* LaunchScreen.xib in Resources */ = {isa = PBXBuildFile; fileRef = BC627FD21AABDDDF007FD661 /* LaunchScreen.xib */; };
		BC627FE01AABDDDF007FD661 /* MyMusicLibraryTests.swift in Sources */ = {isa = PBXBuildFile; fileRef = BC627FDF1AABDDDF007FD661 /* MyMusicLibraryTests.swift */; };
		BC627FEB1AAC35BB007FD661 /* HTTPClient.swift in Sources */ = {isa = PBXBuildFile; fileRef = BC627FEA1AAC35BB007FD661 /* HTTPClient.swift */; };
		BC627FED1AAC3998007FD661 /* Album.swift in Sources */ = {isa = PBXBuildFile; fileRef = BC627FEC1AAC3998007FD661 /* Album.swift */; };
		BC627FF01AAC3B6A007FD661 /* AlbumView.swift in Sources */ = {isa = PBXBuildFile; fileRef = BC627FEF1AAC3B6A007FD661 /* AlbumView.swift */; };
		BC627FF51AAC407B007FD661 /* LibraryAPI.swift in Sources */ = {isa = PBXBuildFile; fileRef = BC627FF41AAC407B007FD661 /* LibraryAPI.swift */; };
		BC627FF71AAC4AC7007FD661 /* PersistencyManager.swift in Sources */ = {isa = PBXBuildFile; fileRef = BC627FF61AAC4AC7007FD661 /* PersistencyManager.swift */; };
		BCB6C86B1AAEF6DE00E2AB97 /* HorizontalScroller.swift in Sources */ = {isa = PBXBuildFile; fileRef = BCB6C86A1AAEF6DE00E2AB97 /* HorizontalScroller.swift */; };
		BCD00C5B1AADA961002D9812 /* AlbumExtensions.swift in Sources */ = {isa = PBXBuildFile; fileRef = BCD00C5A1AADA961002D9812 /* AlbumExtensions.swift */; };
/* End PBXBuildFile section */

/* Begin PBXContainerItemProxy section */
		BC627FDA1AABDDDF007FD661 /* PBXContainerItemProxy */ = {
			isa = PBXContainerItemProxy;
			containerPortal = BC627FBC1AABDDDF007FD661 /* Project object */;
			proxyType = 1;
			remoteGlobalIDString = BC627FC31AABDDDF007FD661;
			remoteInfo = MyMusicLibrary;
		};
/* End PBXContainerItemProxy section */

/* Begin PBXFileReference section */
		BC627FC41AABDDDF007FD661 /* MyMusicLibrary.app */ = {isa = PBXFileReference; explicitFileType = wrapper.application; includeInIndex = 0; path = MyMusicLibrary.app; sourceTree = BUILT_PRODUCTS_DIR; };
		BC627FC81AABDDDF007FD661 /* Info.plist */ = {isa = PBXFileReference; lastKnownFileType = text.plist.xml; path = Info.plist; sourceTree = "<group>"; };
		BC627FC91AABDDDF007FD661 /* AppDelegate.swift */ = {isa = PBXFileReference; lastKnownFileType = sourcecode.swift; path = AppDelegate.swift; sourceTree = "<group>"; };
		BC627FCB1AABDDDF007FD661 /* ViewController.swift */ = {isa = PBXFileReference; lastKnownFileType = sourcecode.swift; path = ViewController.swift; sourceTree = "<group>"; };
		BC627FCE1AABDDDF007FD661 /* Base */ = {isa = PBXFileReference; lastKnownFileType = file.storyboard; name = Base; path = Base.lproj/Main.storyboard; sourceTree = "<group>"; };
		BC627FD01AABDDDF007FD661 /* Images.xcassets */ = {isa = PBXFileReference; lastKnownFileType = folder.assetcatalog; path = Images.xcassets; sourceTree = "<group>"; };
		BC627FD31AABDDDF007FD661 /* Base */ = {isa = PBXFileReference; lastKnownFileType = file.xib; name = Base; path = Base.lproj/LaunchScreen.xib; sourceTree = "<group>"; };
		BC627FD91AABDDDF007FD661 /* MyMusicLibraryTests.xctest */ = {isa = PBXFileReference; explicitFileType = wrapper.cfbundle; includeInIndex = 0; path = MyMusicLibraryTests.xctest; sourceTree = BUILT_PRODUCTS_DIR; };
		BC627FDE1AABDDDF007FD661 /* Info.plist */ = {isa = PBXFileReference; lastKnownFileType = text.plist.xml; path = Info.plist; sourceTree = "<group>"; };
		BC627FDF1AABDDDF007FD661 /* MyMusicLibraryTests.swift */ = {isa = PBXFileReference; lastKnownFileType = sourcecode.swift; path = MyMusicLibraryTests.swift; sourceTree = "<group>"; };
		BC627FEA1AAC35BB007FD661 /* HTTPClient.swift */ = {isa = PBXFileReference; fileEncoding = 4; lastKnownFileType = sourcecode.swift; path = HTTPClient.swift; sourceTree = "<group>"; };
		BC627FEC1AAC3998007FD661 /* Album.swift */ = {isa = PBXFileReference; fileEncoding = 4; lastKnownFileType = sourcecode.swift; path = Album.swift; sourceTree = "<group>"; };
		BC627FEF1AAC3B6A007FD661 /* AlbumView.swift */ = {isa = PBXFileReference; fileEncoding = 4; lastKnownFileType = sourcecode.swift; path = AlbumView.swift; sourceTree = "<group>"; };
		BC627FF41AAC407B007FD661 /* LibraryAPI.swift */ = {isa = PBXFileReference; fileEncoding = 4; lastKnownFileType = sourcecode.swift; path = LibraryAPI.swift; sourceTree = "<group>"; };
		BC627FF61AAC4AC7007FD661 /* PersistencyManager.swift */ = {isa = PBXFileReference; fileEncoding = 4; lastKnownFileType = sourcecode.swift; path = PersistencyManager.swift; sourceTree = "<group>"; };
		BCB6C86A1AAEF6DE00E2AB97 /* HorizontalScroller.swift */ = {isa = PBXFileReference; fileEncoding = 4; lastKnownFileType = sourcecode.swift; path = HorizontalScroller.swift; sourceTree = "<group>"; };
		BCD00C5A1AADA961002D9812 /* AlbumExtensions.swift */ = {isa = PBXFileReference; fileEncoding = 4; lastKnownFileType = sourcecode.swift; path = AlbumExtensions.swift; sourceTree = "<group>"; };
/* End PBXFileReference section */

/* Begin PBXFrameworksBuildPhase section */
		BC627FC11AABDDDF007FD661 /* Frameworks */ = {
			isa = PBXFrameworksBuildPhase;
			buildActionMask = 2147483647;
			files = (
			);
			runOnlyForDeploymentPostprocessing = 0;
		};
		BC627FD61AABDDDF007FD661 /* Frameworks */ = {
			isa = PBXFrameworksBuildPhase;
			buildActionMask = 2147483647;
			files = (
			);
			runOnlyForDeploymentPostprocessing = 0;
		};
/* End PBXFrameworksBuildPhase section */

/* Begin PBXGroup section */
		BC627FBB1AABDDDF007FD661 = {
			isa = PBXGroup;
			children = (
				BC627FC61AABDDDF007FD661 /* MyMusicLibrary */,
				BC627FDC1AABDDDF007FD661 /* MyMusicLibraryTests */,
				BC627FC51AABDDDF007FD661 /* Products */,
			);
			sourceTree = "<group>";
		};
		BC627FC51AABDDDF007FD661 /* Products */ = {
			isa = PBXGroup;
			children = (
				BC627FC41AABDDDF007FD661 /* MyMusicLibrary.app */,
				BC627FD91AABDDDF007FD661 /* MyMusicLibraryTests.xctest */,
			);
			name = Products;
			sourceTree = "<group>";
		};
		BC627FC61AABDDDF007FD661 /* MyMusicLibrary */ = {
			isa = PBXGroup;
			children = (
				BC627FEE1AAC39E7007FD661 /* API */,
				BC627FC91AABDDDF007FD661 /* AppDelegate.swift */,
				BC627FF11AAC3FE1007FD661 /* Model */,
				BC627FF21AAC4009007FD661 /* View */,
				BC627FF31AAC4017007FD661 /* Controller */,
				BC627FCD1AABDDDF007FD661 /* Main.storyboard */,
				BC627FD01AABDDDF007FD661 /* Images.xcassets */,
				BC627FD21AABDDDF007FD661 /* LaunchScreen.xib */,
				BC627FC71AABDDDF007FD661 /* Supporting Files */,
			);
			path = MyMusicLibrary;
			sourceTree = "<group>";
		};
		BC627FC71AABDDDF007FD661 /* Supporting Files */ = {
			isa = PBXGroup;
			children = (
				BC627FC81AABDDDF007FD661 /* Info.plist */,
			);
			name = "Supporting Files";
			sourceTree = "<group>";
		};
		BC627FDC1AABDDDF007FD661 /* MyMusicLibraryTests */ = {
			isa = PBXGroup;
			children = (
				BC627FDF1AABDDDF007FD661 /* MyMusicLibraryTests.swift */,
				BC627FDD1AABDDDF007FD661 /* Supporting Files */,
			);
			path = MyMusicLibraryTests;
			sourceTree = "<group>";
		};
		BC627FDD1AABDDDF007FD661 /* Supporting Files */ = {
			isa = PBXGroup;
			children = (
				BC627FDE1AABDDDF007FD661 /* Info.plist */,
			);
			name = "Supporting Files";
			sourceTree = "<group>";
		};
		BC627FEE1AAC39E7007FD661 /* API */ = {
			isa = PBXGroup;
			children = (
				BC627FEA1AAC35BB007FD661 /* HTTPClient.swift */,
				BC627FF41AAC407B007FD661 /* LibraryAPI.swift */,
				BC627FF61AAC4AC7007FD661 /* PersistencyManager.swift */,
			);
			name = API;
			sourceTree = "<group>";
		};
		BC627FF11AAC3FE1007FD661 /* Model */ = {
			isa = PBXGroup;
			children = (
				BCD00C5A1AADA961002D9812 /* AlbumExtensions.swift */,
				BC627FEC1AAC3998007FD661 /* Album.swift */,
			);
			name = Model;
			sourceTree = "<group>";
		};
		BC627FF21AAC4009007FD661 /* View */ = {
			isa = PBXGroup;
			children = (
				BCB6C86A1AAEF6DE00E2AB97 /* HorizontalScroller.swift */,
				BC627FEF1AAC3B6A007FD661 /* AlbumView.swift */,
			);
			name = View;
			sourceTree = "<group>";
		};
		BC627FF31AAC4017007FD661 /* Controller */ = {
			isa = PBXGroup;
			children = (
				BC627FCB1AABDDDF007FD661 /* ViewController.swift */,
			);
			name = Controller;
			sourceTree = "<group>";
		};
/* End PBXGroup section */

/* Begin PBXNativeTarget section */
		BC627FC31AABDDDF007FD661 /* MyMusicLibrary */ = {
			isa = PBXNativeTarget;
			buildConfigurationList = BC627FE31AABDDDF007FD661 /* Build configuration list for PBXNativeTarget "MyMusicLibrary" */;
			buildPhases = (
				BC627FC01AABDDDF007FD661 /* Sources */,
				BC627FC11AABDDDF007FD661 /* Frameworks */,
				BC627FC21AABDDDF007FD661 /* Resources */,
			);
			buildRules = (
			);
			dependencies = (
			);
			name = MyMusicLibrary;
			productName = MyMusicLibrary;
			productReference = BC627FC41AABDDDF007FD661 /* MyMusicLibrary.app */;
			productType = "com.apple.product-type.application";
		};
		BC627FD81AABDDDF007FD661 /* MyMusicLibraryTests */ = {
			isa = PBXNativeTarget;
			buildConfigurationList = BC627FE61AABDDDF007FD661 /* Build configuration list for PBXNativeTarget "MyMusicLibraryTests" */;
			buildPhases = (
				BC627FD51AABDDDF007FD661 /* Sources */,
				BC627FD61AABDDDF007FD661 /* Frameworks */,
				BC627FD71AABDDDF007FD661 /* Resources */,
			);
			buildRules = (
			);
			dependencies = (
				BC627FDB1AABDDDF007FD661 /* PBXTargetDependency */,
			);
			name = MyMusicLibraryTests;
			productName = MyMusicLibraryTests;
			productReference = BC627FD91AABDDDF007FD661 /* MyMusicLibraryTests.xctest */;
			productType = "com.apple.product-type.bundle.unit-test";
		};
/* End PBXNativeTarget section */

/* Begin PBXProject section */
		BC627FBC1AABDDDF007FD661 /* Project object */ = {
			isa = PBXProject;
			attributes = {
				LastUpgradeCheck = 0610;
				ORGANIZATIONNAME = j1mw3i;
				TargetAttributes = {
					BC627FC31AABDDDF007FD661 = {
						CreatedOnToolsVersion = 6.1.1;
					};
					BC627FD81AABDDDF007FD661 = {
						CreatedOnToolsVersion = 6.1.1;
						TestTargetID = BC627FC31AABDDDF007FD661;
					};
				};
			};
			buildConfigurationList = BC627FBF1AABDDDF007FD661 /* Build configuration list for PBXProject "MyMusicLibrary" */;
			compatibilityVersion = "Xcode 3.2";
			developmentRegion = English;
			hasScannedForEncodings = 0;
			knownRegions = (
				en,
				Base,
			);
			mainGroup = BC627FBB1AABDDDF007FD661;
			productRefGroup = BC627FC51AABDDDF007FD661 /* Products */;
			projectDirPath = "";
			projectRoot = "";
			targets = (
				BC627FC31AABDDDF007FD661 /* MyMusicLibrary */,
				BC627FD81AABDDDF007FD661 /* MyMusicLibraryTests */,
			);
		};
/* End PBXProject section */

/* Begin PBXResourcesBuildPhase section */
		BC627FC21AABDDDF007FD661 /* Resources */ = {
			isa = PBXResourcesBuildPhase;
			buildActionMask = 2147483647;
			files = (
				BC627FCF1AABDDDF007FD661 /* Main.storyboard in Resources */,
				BC627FD41AABDDDF007FD661 /* LaunchScreen.xib in Resources */,
				BC627FD11AABDDDF007FD661 /* Images.xcassets in Resources */,
			);
			runOnlyForDeploymentPostprocessing = 0;
		};
		BC627FD71AABDDDF007FD661 /* Resources */ = {
			isa = PBXResourcesBuildPhase;
			buildActionMask = 2147483647;
			files = (
			);
			runOnlyForDeploymentPostprocessing = 0;
		};
/* End PBXResourcesBuildPhase section */

/* Begin PBXSourcesBuildPhase section */
		BC627FC01AABDDDF007FD661 /* Sources */ = {
			isa = PBXSourcesBuildPhase;
			buildActionMask = 2147483647;
			files = (
				BC627FCC1AABDDDF007FD661 /* ViewController.swift in Sources */,
				BCD00C5B1AADA961002D9812 /* AlbumExtensions.swift in Sources */,
				BC627FCA1AABDDDF007FD661 /* AppDelegate.swift in Sources */,
				BC627FF51AAC407B007FD661 /* LibraryAPI.swift in Sources */,
				BCB6C86B1AAEF6DE00E2AB97 /* HorizontalScroller.swift in Sources */,
				BC627FEB1AAC35BB007FD661 /* HTTPClient.swift in Sources */,
				BC627FF01AAC3B6A007FD661 /* AlbumView.swift in Sources */,
				BC627FED1AAC3998007FD661 /* Album.swift in Sources */,
				BC627FF71AAC4AC7007FD661 /* PersistencyManager.swift in Sources */,
			);
			runOnlyForDeploymentPostprocessing = 0;
		};
		BC627FD51AABDDDF007FD661 /* Sources */ = {
			isa = PBXSourcesBuildPhase;
			buildActionMask = 2147483647;
			files = (
				BC627FE01AABDDDF007FD661 /* MyMusicLibraryTests.swift in Sources */,
			);
			runOnlyForDeploymentPostprocessing = 0;
		};
/* End PBXSourcesBuildPhase section */

/* Begin PBXTargetDependency section */
		BC627FDB1AABDDDF007FD661 /* PBXTargetDependency */ = {
			isa = PBXTargetDependency;
			target = BC627FC31AABDDDF007FD661 /* MyMusicLibrary */;
			targetProxy = BC627FDA1AABDDDF007FD661 /* PBXContainerItemProxy */;
		};
/* End PBXTargetDependency section */

/* Begin PBXVariantGroup section */
		BC627FCD1AABDDDF007FD661 /* Main.storyboard */ = {
			isa = PBXVariantGroup;
			children = (
				BC627FCE1AABDDDF007FD661 /* Base */,
			);
			name = Main.storyboard;
			sourceTree = "<group>";
		};
		BC627FD21AABDDDF007FD661 /* LaunchScreen.xib */ = {
			isa = PBXVariantGroup;
			children = (
				BC627FD31AABDDDF007FD661 /* Base */,
			);
			name = LaunchScreen.xib;
			sourceTree = "<group>";
		};
/* End PBXVariantGroup section */

/* Begin XCBuildConfiguration section */
		BC627FE11AABDDDF007FD661 /* Debug */ = {
			isa = XCBuildConfiguration;
			buildSettings = {
				ALWAYS_SEARCH_USER_PATHS = NO;
				CLANG_CXX_LANGUAGE_STANDARD = "gnu++0x";
				CLANG_CXX_LIBRARY = "libc++";
				CLANG_ENABLE_MODULES = YES;
				CLANG_ENABLE_OBJC_ARC = YES;
				CLANG_WARN_BOOL_CONVERSION = YES;
				CLANG_WARN_CONSTANT_CONVERSION = YES;
				CLANG_WARN_DIRECT_OBJC_ISA_USAGE = YES_ERROR;
				CLANG_WARN_EMPTY_BODY = YES;
				CLANG_WARN_ENUM_CONVERSION = YES;
				CLANG_WARN_INT_CONVERSION = YES;
				CLANG_WARN_OBJC_ROOT_CLASS = YES_ERROR;
				CLANG_WARN_UNREACHABLE_CODE = YES;
				CLANG_WARN__DUPLICATE_METHOD_MATCH = YES;
				"CODE_SIGN_IDENTITY[sdk=iphoneos*]" = "iPhone Developer";
				COPY_PHASE_STRIP = NO;
				ENABLE_STRICT_OBJC_MSGSEND = YES;
				GCC_C_LANGUAGE_STANDARD = gnu99;
				GCC_DYNAMIC_NO_PIC = NO;
				GCC_OPTIMIZATION_LEVEL = 0;
				GCC_PREPROCESSOR_DEFINITIONS = (
					"DEBUG=1",
					"$(inherited)",
				);
				GCC_SYMBOLS_PRIVATE_EXTERN = NO;
				GCC_WARN_64_TO_32_BIT_CONVERSION = YES;
				GCC_WARN_ABOUT_RETURN_TYPE = YES_ERROR;
				GCC_WARN_UNDECLARED_SELECTOR = YES;
				GCC_WARN_UNINITIALIZED_AUTOS = YES_AGGRESSIVE;
				GCC_WARN_UNUSED_FUNCTION = YES;
				GCC_WARN_UNUSED_VARIABLE = YES;
				IPHONEOS_DEPLOYMENT_TARGET = 8.1;
				MTL_ENABLE_DEBUG_INFO = YES;
				ONLY_ACTIVE_ARCH = YES;
				SDKROOT = iphoneos;
				SWIFT_OPTIMIZATION_LEVEL = "-Onone";
				TARGETED_DEVICE_FAMILY = "1,2";
			};
			name = Debug;
		};
		BC627FE21AABDDDF007FD661 /* Release */ = {
			isa = XCBuildConfiguration;
			buildSettings = {
				ALWAYS_SEARCH_USER_PATHS = NO;
				CLANG_CXX_LANGUAGE_STANDARD = "gnu++0x";
				CLANG_CXX_LIBRARY = "libc++";
				CLANG_ENABLE_MODULES = YES;
				CLANG_ENABLE_OBJC_ARC = YES;
				CLANG_WARN_BOOL_CONVERSION = YES;
				CLANG_WARN_CONSTANT_CONVERSION = YES;
				CLANG_WARN_DIRECT_OBJC_ISA_USAGE = YES_ERROR;
				CLANG_WARN_EMPTY_BODY = YES;
				CLANG_WARN_ENUM_CONVERSION = YES;
				CLANG_WARN_INT_CONVERSION = YES;
				CLANG_WARN_OBJC_ROOT_CLASS = YES_ERROR;
				CLANG_WARN_UNREACHABLE_CODE = YES;
				CLANG_WARN__DUPLICATE_METHOD_MATCH = YES;
				"CODE_SIGN_IDENTITY[sdk=iphoneos*]" = "iPhone Developer";
				COPY_PHASE_STRIP = YES;
				ENABLE_NS_ASSERTIONS = NO;
				ENABLE_STRICT_OBJC_MSGSEND = YES;
				GCC_C_LANGUAGE_STANDARD = gnu99;
				GCC_WARN_64_TO_32_BIT_CONVERSION = YES;
				GCC_WARN_ABOUT_RETURN_TYPE = YES_ERROR;
				GCC_WARN_UNDECLARED_SELECTOR = YES;
				GCC_WARN_UNINITIALIZED_AUTOS = YES_AGGRESSIVE;
				GCC_WARN_UNUSED_FUNCTION = YES;
				GCC_WARN_UNUSED_VARIABLE = YES;
				IPHONEOS_DEPLOYMENT_TARGET = 8.1;
				MTL_ENABLE_DEBUG_INFO = NO;
				SDKROOT = iphoneos;
				TARGETED_DEVICE_FAMILY = "1,2";
				VALIDATE_PRODUCT = YES;
			};
			name = Release;
		};
		BC627FE41AABDDDF007FD661 /* Debug */ = {
			isa = XCBuildConfiguration;
			buildSettings = {
				ASSETCATALOG_COMPILER_APPICON_NAME = AppIcon;
				INFOPLIST_FILE = MyMusicLibrary/Info.plist;
				LD_RUNPATH_SEARCH_PATHS = "$(inherited) @executable_path/Frameworks";
				PRODUCT_NAME = "$(TARGET_NAME)";
			};
			name = Debug;
		};
		BC627FE51AABDDDF007FD661 /* Release */ = {
			isa = XCBuildConfiguration;
			buildSettings = {
				ASSETCATALOG_COMPILER_APPICON_NAME = AppIcon;
				INFOPLIST_FILE = MyMusicLibrary/Info.plist;
				LD_RUNPATH_SEARCH_PATHS = "$(inherited) @executable_path/Frameworks";
				PRODUCT_NAME = "$(TARGET_NAME)";
			};
			name = Release;
		};
		BC627FE71AABDDDF007FD661 /* Debug */ = {
			isa = XCBuildConfiguration;
			buildSettings = {
				BUNDLE_LOADER = "$(TEST_HOST)";
				FRAMEWORK_SEARCH_PATHS = (
					"$(SDKROOT)/Developer/Library/Frameworks",
					"$(inherited)",
				);
				GCC_PREPROCESSOR_DEFINITIONS = (
					"DEBUG=1",
					"$(inherited)",
				);
				INFOPLIST_FILE = MyMusicLibraryTests/Info.plist;
				LD_RUNPATH_SEARCH_PATHS = "$(inherited) @executable_path/Frameworks @loader_path/Frameworks";
				PRODUCT_NAME = "$(TARGET_NAME)";
				TEST_HOST = "$(BUILT_PRODUCTS_DIR)/MyMusicLibrary.app/MyMusicLibrary";
			};
			name = Debug;
		};
		BC627FE81AABDDDF007FD661 /* Release */ = {
			isa = XCBuildConfiguration;
			buildSettings = {
				BUNDLE_LOADER = "$(TEST_HOST)";
				FRAMEWORK_SEARCH_PATHS = (
					"$(SDKROOT)/Developer/Library/Frameworks",
					"$(inherited)",
				);
				INFOPLIST_FILE = MyMusicLibraryTests/Info.plist;
				LD_RUNPATH_SEARCH_PATHS = "$(inherited) @executable_path/Frameworks @loader_path/Frameworks";
				PRODUCT_NAME = "$(TARGET_NAME)";
				TEST_HOST = "$(BUILT_PRODUCTS_DIR)/MyMusicLibrary.app/MyMusicLibrary";
			};
			name = Release;
		};
/* End XCBuildConfiguration section */

/* Begin XCConfigurationList section */
		BC627FBF1AABDDDF007FD661 /* Build configuration list for PBXProject "MyMusicLibrary" */ = {
			isa = XCConfigurationList;
			buildConfigurations = (
				BC627FE11AABDDDF007FD661 /* Debug */,
				BC627FE21AABDDDF007FD661 /* Release */,
			);
			defaultConfigurationIsVisible = 0;
			defaultConfigurationName = Release;
		};
		BC627FE31AABDDDF007FD661 /* Build configuration list for PBXNativeTarget "MyMusicLibrary" */ = {
			isa = XCConfigurationList;
			buildConfigurations = (
				BC627FE41AABDDDF007FD661 /* Debug */,
				BC627FE51AABDDDF007FD661 /* Release */,
			);
			defaultConfigurationIsVisible = 0;
			defaultConfigurationName = Release;
		};
		BC627FE61AABDDDF007FD661 /* Build configuration list for PBXNativeTarget "MyMusicLibraryTests" */ = {
			isa = XCConfigurationList;
			buildConfigurations = (
				BC627FE71AABDDDF007FD661 /* Debug */,
				BC627FE81AABDDDF007FD661 /* Release */,
			);
			defaultConfigurationIsVisible = 0;
			defaultConfigurationName = Release;
		};
/* End XCConfigurationList section */
	};
	rootObject = BC627FBC1AABDDDF007FD661 /* Project object */;
}
